
Microsoft Visual Studio Solution File, Format Version 12.00
# Visual Studio Version 16
VisualStudioVersion = 16.0.29324.140
MinimumVisualStudioVersion = 10.0.40219.1
Project("{8BC9CEB8-8B4A-11D0-8D11-00A0C91BC942}") = "TicTacToe", "TicTacToe\TicTacToe.vcxproj", "{5BD988C9-4451-48BA-AD60-59512B015948}"
EndProject
Global
	GlobalSection(SolutionConfigurationPlatforms) = preSolution
		Debug|x64 = Debug|x64
		Debug|x86 = Debug|x86
		Release|x64 = Release|x64
		Release|x86 = Release|x86
	EndGlobalSection
	GlobalSection(ProjectConfigurationPlatforms) = postSolution
		{5BD988C9-4451-48BA-AD60-59512B015948}.Debug|x64.ActiveCfg = Debug|x64
		{5BD988C9-4451-48BA-AD60-59512B015948}.Debug|x64.Build.0 = Debug|x64
		{5BD988C9-4451-48BA-AD60-59512B015948}.Debug|x86.ActiveCfg = Debug|Win32
		{5BD988C9-4451-48BA-AD60-59512B015948}.Debug|x86.Build.0 = Debug|Win32
		{5BD988C9-4451-48BA-AD60-59512B015948}.Release|x64.ActiveCfg = Release|x64
		{5BD988C9-4451-48BA-AD60-59512B015948}.Release|x64.Build.0 = Release|x64
		{5BD988C9-4451-48BA-AD60-59512B015948}.Release|x86.ActiveCfg = Release|Win32
		{5BD988C9-4451-48BA-AD60-59512B015948}.Release|x86.Build.0 = Release|Win32
	EndGlobalSection
	GlobalSection(SolutionProperties) = preSolution
		HideSolutionNode = FALSE
	EndGlobalSection
	GlobalSection(ExtensibilityGlobals) = postSolution
		SolutionGuid = {0566E493-6598-4093-88DF-F7EB749352F3}
	EndGlobalSection
EndGlobal
